<?xml version="1.0" encoding="utf-8"?>
<Project ToolsVersion="4.0" xmlns="http://schemas.microsoft.com/developer/msbuild/2003">
  <ItemGroup>
    <Filter Include="源文件">
      <UniqueIdentifier>{4FC737F1-C7A5-4376-A066-2A32D752A2FF}</UniqueIdentifier>
      <Extensions>cpp;c;cc;cxx;c++;cppm;ixx;def;odl;idl;hpj;bat;asm;asmx</Extensions>
    </Filter>
    <Filter Include="头文件">
      <UniqueIdentifier>{93995380-89BD-4b04-88EB-625FBE52EBFB}</UniqueIdentifier>
      <Extensions>h;hh;hpp;hxx;h++;hm;inl;inc;ipp;xsd</Extensions>
    </Filter>
    <Filter Include="资源文件">
      <UniqueIdentifier>{67DA6AB6-F800-4c08-8B7A-83BB121AAD01}</UniqueIdentifier>
      <Extensions>rc;ico;cur;bmp;dlg;rc2;rct;bin;rgs;gif;jpg;jpeg;jpe;resx;tiff;tif;png;wav;mfcribbon-ms</Extensions>
    </Filter>
  </ItemGroup>
  <ItemGroup>
    <ClCompile Include="Nest2DTest.cpp">
      <Filter>源文件</Filter>
    </ClCompile>
    <ClCompile Include="Nest2DTest_InvokeFunctor.cpp">
      <Filter>源文件</Filter>
    </ClCompile>
    <ClCompile Include="Nest2DTest_Reg.cpp">
      <Filter>源文件</Filter>
    </ClCompile>
    <ClCompile Include="Nest2DTestApp.cpp">
      <Filter>源文件</Filter>
    </ClCompile>
    <ClCompile Include="MainMenuRunner.cpp">
      <Filter>源文件</Filter>
    </ClCompile>
    <ClCompile Include="MenuRunnerBase.cpp">
      <Filter>源文件</Filter>
    </ClCompile>
    <ClCompile Include="ShapeMenuRunner.cpp">
      <Filter>源文件</Filter>
    </ClCompile>
    <ClCompile Include="BoardMenuRunner.cpp">
      <Filter>源文件</Filter>
    </ClCompile>
    <ClCompile Include="NestExporterBase.cpp">
      <Filter>源文件</Filter>
    </ClCompile>
    <ClCompile Include="SvgExporter.cpp">
      <Filter>源文件</Filter>
    </ClCompile>
    <ClCompile Include="CoordinateFileExporter.cpp">
      <Filter>源文件</Filter>
    </ClCompile>
    <ClCompile Include="NestExportManager.cpp">
      <Filter>源文件</Filter>
    </ClCompile>
  </ItemGroup>
  <ItemGroup>
    <ClInclude Include="Nest2DTest_InvokeFunctor.h">
      <Filter>头文件</Filter>
    </ClInclude>
    <ClInclude Include="Nest2DTest_SelfFunction.h">
      <Filter>头文件</Filter>
    </ClInclude>
    <ClInclude Include="Nest2DTestApp.h">
      <Filter>头文件</Filter>
    </ClInclude>
    <ClInclude Include="MainMenuRunner.h">
      <Filter>头文件</Filter>
    </ClInclude>
    <ClInclude Include="MenuRunnerBase.h">
      <Filter>头文件</Filter>
    </ClInclude>
    <ClInclude Include="ShapeMenuRunner.h">
      <Filter>头文件</Filter>
    </ClInclude>
    <ClInclude Include="BoardMenuRunner.h">
      <Filter>头文件</Filter>
    </ClInclude>
    <ClInclude Include="NestExporterBase.h">
      <Filter>头文件</Filter>
    </ClInclude>
    <ClInclude Include="SvgExporter.h">
      <Filter>头文件</Filter>
    </ClInclude>
    <ClInclude Include="CoordinateFileExporter.h">
      <Filter>头文件</Filter>
    </ClInclude>
    <ClInclude Include="NestExportManager.h">
      <Filter>头文件</Filter>
    </ClInclude>
  </ItemGroup>
  <ItemGroup>
    <None Include="cpp.hint" />
  </ItemGroup>
</Project>